// !$*UTF8*$!
{
	archiveVersion = 1;
	classes = {
	};
	objectVersion = 56;
	objects = {

/* Begin PBXBuildFile section */
		CEF008032C2D164B00DAACFC /* quizappApp.swift in Sources */ = {isa = PBXBuildFile; fileRef = CEF008022C2D164B00DAACFC /* quizappApp.swift */; };
		CEF008052C2D164B00DAACFC /* ContentView.swift in Sources */ = {isa = PBXBuildFile; fileRef = CEF008042C2D164B00DAACFC /* ContentView.swift */; };
		CEF008072C2D164F00DAACFC /* Assets.xcassets in Resources */ = {isa = PBXBuildFile; fileRef = CEF008062C2D164F00DAACFC /* Assets.xcassets */; };
		CEF0080A2C2D164F00DAACFC /* Preview Assets.xcassets in Resources */ = {isa = PBXBuildFile; fileRef = CEF008092C2D164F00DAACFC /* Preview Assets.xcassets */; };
		CEF008142C2D164F00DAACFC /* quizappTests.swift in Sources */ = {isa = PBXBuildFile; fileRef = CEF008132C2D164F00DAACFC /* quizappTests.swift */; };
		CEF0081E2C2D164F00DAACFC /* quizappUITests.swift in Sources */ = {isa = PBXBuildFile; fileRef = CEF0081D2C2D164F00DAACFC /* quizappUITests.swift */; };
		CEF008202C2D164F00DAACFC /* quizappUITestsLaunchTests.swift in Sources */ = {isa = PBXBuildFile; fileRef = CEF0081F2C2D164F00DAACFC /* quizappUITestsLaunchTests.swift */; };
/* End PBXBuildFile section */

/* Begin PBXContainerItemProxy section */
		CEF008102C2D164F00DAACFC /* PBXContainerItemProxy */ = {
			isa = PBXContainerItemProxy;
			containerPortal = CEF007F72C2D164A00DAACFC /* Project object */;
			proxyType = 1;
			remoteGlobalIDString = CEF007FE2C2D164B00DAACFC;
			remoteInfo = quizapp;
		};
		CEF0081A2C2D164F00DAACFC /* PBXContainerItemProxy */ = {
			isa = PBXContainerItemProxy;
			containerPortal = CEF007F72C2D164A00DAACFC /* Project object */;
			proxyType = 1;
			remoteGlobalIDString = CEF007FE2C2D164B00DAACFC;
			remoteInfo = quizapp;
		};
/* End PBXContainerItemProxy section */

/* Begin PBXFileReference section */
		CEF007FF2C2D164B00DAACFC /* quizapp.app */ = {isa = PBXFileReference; explicitFileType = wrapper.application; includeInIndex = 0; path = quizapp.app; sourceTree = BUILT_PRODUCTS_DIR; };
		CEF008022C2D164B00DAACFC /* quizappApp.swift */ = {isa = PBXFileReference; lastKnownFileType = sourcecode.swift; path = quizappApp.swift; sourceTree = "<group>"; };
		CEF008042C2D164B00DAACFC /* ContentView.swift */ = {isa = PBXFileReference; lastKnownFileType = sourcecode.swift; path = ContentView.swift; sourceTree = "<group>"; };
		CEF008062C2D164F00DAACFC /* Assets.xcassets */ = {isa = PBXFileReference; lastKnownFileType = folder.assetcatalog; path = Assets.xcassets; sourceTree = "<group>"; };
		CEF008092C2D164F00DAACFC /* Preview Assets.xcassets */ = {isa = PBXFileReference; lastKnownFileType = folder.assetcatalog; path = "Preview Assets.xcassets"; sourceTree = "<group>"; };
		CEF0080F2C2D164F00DAACFC /* quizappTests.xctest */ = {isa = PBXFileReference; explicitFileType = wrapper.cfbundle; includeInIndex = 0; path = quizappTests.xctest; sourceTree = BUILT_PRODUCTS_DIR; };
		CEF008132C2D164F00DAACFC /* quizappTests.swift */ = {isa = PBXFileReference; lastKnownFileType = sourcecode.swift; path = quizappTests.swift; sourceTree = "<group>"; };
		CEF008192C2D164F00DAACFC /* quizappUITests.xctest */ = {isa = PBXFileReference; explicitFileType = wrapper.cfbundle; includeInIndex = 0; path = quizappUITests.xctest; sourceTree = BUILT_PRODUCTS_DIR; };
		CEF0081D2C2D164F00DAACFC /* quizappUITests.swift */ = {isa = PBXFileReference; lastKnownFileType = sourcecode.swift; path = quizappUITests.swift; sourceTree = "<group>"; };
		CEF0081F2C2D164F00DAACFC /* quizappUITestsLaunchTests.swift */ = {isa = PBXFileReference; lastKnownFileType = sourcecode.swift; path = quizappUITestsLaunchTests.swift; sourceTree = "<group>"; };
/* End PBXFileReference section */

/* Begin PBXFrameworksBuildPhase section */
		CEF007FC2C2D164B00DAACFC /* Frameworks */ = {
			isa = PBXFrameworksBuildPhase;
			buildActionMask = 2147483647;
			files = (
			);
			runOnlyForDeploymentPostprocessing = 0;
		};
		CEF0080C2C2D164F00DAACFC /* Frameworks */ = {
			isa = PBXFrameworksBuildPhase;
			buildActionMask = 2147483647;
			files = (
			);
			runOnlyForDeploymentPostprocessing = 0;
		};
		CEF008162C2D164F00DAACFC /* Frameworks */ = {
			isa = PBXFrameworksBuildPhase;
			buildActionMask = 2147483647;
			files = (
			);
			runOnlyForDeploymentPostprocessing = 0;
		};
/* End PBXFrameworksBuildPhase section */

/* Begin PBXGroup section */
		CEF007F62C2D164A00DAACFC = {
			isa = PBXGroup;
			children = (
				CEF008012C2D164B00DAACFC /* quizapp */,
				CEF008122C2D164F00DAACFC /* quizappTests */,
				CEF0081C2C2D164F00DAACFC /* quizappUITests */,
				CEF008002C2D164B00DAACFC /* Products */,
			);
			sourceTree = "<group>";
		};
		CEF008002C2D164B00DAACFC /* Products */ = {
			isa = PBXGroup;
			children = (
				CEF007FF2C2D164B00DAACFC /* quizapp.app */,
				CEF0080F2C2D164F00DAACFC /* quizappTests.xctest */,
				CEF008192C2D164F00DAACFC /* quizappUITests.xctest */,
			);
			name = Products;
			sourceTree = "<group>";
		};
		CEF008012C2D164B00DAACFC /* quizapp */ = {
			isa = PBXGroup;
			children = (
				CEF008022C2D164B00DAACFC /* quizappApp.swift */,
				CEF008042C2D164B00DAACFC /* ContentView.swift */,
				CEF008062C2D164F00DAACFC /* Assets.xcassets */,
				CEF008082C2D164F00DAACFC /* Preview Content */,
			);
			path = quizapp;
			sourceTree = "<group>";
		};
		CEF008082C2D164F00DAACFC /* Preview Content */ = {
			isa = PBXGroup;
			children = (
				CEF008092C2D164F00DAACFC /* Preview Assets.xcassets */,
			);
			path = "Preview Content";
			sourceTree = "<group>";
		};
		CEF008122C2D164F00DAACFC /* quizappTests */ = {
			isa = PBXGroup;
			children = (
				CEF008132C2D164F00DAACFC /* quizappTests.swift */,
			);
			path = quizappTests;
			sourceTree = "<group>";
		};
		CEF0081C2C2D164F00DAACFC /* quizappUITests */ = {
			isa = PBXGroup;
			children = (
				CEF0081D2C2D164F00DAACFC /* quizappUITests.swift */,
				CEF0081F2C2D164F00DAACFC /* quizappUITestsLaunchTests.swift */,
			);
			path = quizappUITests;
			sourceTree = "<group>";
		};
/* End PBXGroup section */

/* Begin PBXNativeTarget section */
		CEF007FE2C2D164B00DAACFC /* quizapp */ = {
			isa = PBXNativeTarget;
			buildConfigurationList = CEF008232C2D164F00DAACFC /* Build configuration list for PBXNativeTarget "quizapp" */;
			buildPhases = (
				CEF007FB2C2D164B00DAACFC /* Sources */,
				CEF007FC2C2D164B00DAACFC /* Frameworks */,
				CEF007FD2C2D164B00DAACFC /* Resources */,
			);
			buildRules = (
			);
			dependencies = (
			);
			name = quizapp;
			productName = quizapp;
			productReference = CEF007FF2C2D164B00DAACFC /* quizapp.app */;
			productType = "com.apple.product-type.application";
		};
		CEF0080E2C2D164F00DAACFC /* quizappTests */ = {
			isa = PBXNativeTarget;
			buildConfigurationList = CEF008262C2D164F00DAACFC /* Build configuration list for PBXNativeTarget "quizappTests" */;
			buildPhases = (
				CEF0080B2C2D164F00DAACFC /* Sources */,
				CEF0080C2C2D164F00DAACFC /* Frameworks */,
				CEF0080D2C2D164F00DAACFC /* Resources */,
			);
			buildRules = (
			);
			dependencies = (
				CEF008112C2D164F00DAACFC /* PBXTargetDependency */,
			);
			name = quizappTests;
			productName = quizappTests;
			productReference = CEF0080F2C2D164F00DAACFC /* quizappTests.xctest */;
			productType = "com.apple.product-type.bundle.unit-test";
		};
		CEF008182C2D164F00DAACFC /* quizappUITests */ = {
			isa = PBXNativeTarget;
			buildConfigurationList = CEF008292C2D164F00DAACFC /* Build configuration list for PBXNativeTarget "quizappUITests" */;
			buildPhases = (
				CEF008152C2D164F00DAACFC /* Sources */,
				CEF008162C2D164F00DAACFC /* Frameworks */,
				CEF008172C2D164F00DAACFC /* Resources */,
			);
			buildRules = (
			);
			dependencies = (
				CEF0081B2C2D164F00DAACFC /* PBXTargetDependency */,
			);
			name = quizappUITests;
			productName = quizappUITests;
			productReference = CEF008192C2D164F00DAACFC /* quizappUITests.xctest */;
			productType = "com.apple.product-type.bundle.ui-testing";
		};
/* End PBXNativeTarget section */

/* Begin PBXProject section */
		CEF007F72C2D164A00DAACFC /* Project object */ = {
			isa = PBXProject;
			attributes = {
				BuildIndependentTargetsInParallel = 1;
				LastSwiftUpdateCheck = 1540;
				LastUpgradeCheck = 1540;
				TargetAttributes = {
					CEF007FE2C2D164B00DAACFC = {
						CreatedOnToolsVersion = 15.4;
					};
					CEF0080E2C2D164F00DAACFC = {
						CreatedOnToolsVersion = 15.4;
						TestTargetID = CEF007FE2C2D164B00DAACFC;
					};
					CEF008182C2D164F00DAACFC = {
						CreatedOnToolsVersion = 15.4;
						TestTargetID = CEF007FE2C2D164B00DAACFC;
					};
				};
			};
			buildConfigurationList = CEF007FA2C2D164A00DAACFC /* Build configuration list for PBXProject "quizapp" */;
			compatibilityVersion = "Xcode 14.0";
			developmentRegion = en;
			hasScannedForEncodings = 0;
			knownRegions = (
				en,
				Base,
			);
			mainGroup = CEF007F62C2D164A00DAACFC;
			productRefGroup = CEF008002C2D164B00DAACFC /* Products */;
			projectDirPath = "";
			projectRoot = "";
			targets = (
				CEF007FE2C2D164B00DAACFC /* quizapp */,
				CEF0080E2C2D164F00DAACFC /* quizappTests */,
				CEF008182C2D164F00DAACFC /* quizappUITests */,
			);
		};
/* End PBXProject section */

/* Begin PBXResourcesBuildPhase section */
		CEF007FD2C2D164B00DAACFC /* Resources */ = {
			isa = PBXResourcesBuildPhase;
			buildActionMask = 2147483647;
			files = (
				CEF0080A2C2D164F00DAACFC /* Preview Assets.xcassets in Resources */,
				CEF008072C2D164F00DAACFC /* Assets.xcassets in Resources */,
			);
			runOnlyForDeploymentPostprocessing = 0;
		};
		CEF0080D2C2D164F00DAACFC /* Resources */ = {
			isa = PBXResourcesBuildPhase;
			buildActionMask = 2147483647;
			files = (
			);
			runOnlyForDeploymentPostprocessing = 0;
		};
		CEF008172C2D164F00DAACFC /* Resources */ = {
			isa = PBXResourcesBuildPhase;
			buildActionMask = 2147483647;
			files = (
			);
			runOnlyForDeploymentPostprocessing = 0;
		};
/* End PBXResourcesBuildPhase section */

/* Begin PBXSourcesBuildPhase section */
		CEF007FB2C2D164B00DAACFC /* Sources */ = {
			isa = PBXSourcesBuildPhase;
			buildActionMask = 2147483647;
			files = (
				CEF008052C2D164B00DAACFC /* ContentView.swift in Sources */,
				CEF008032C2D164B00DAACFC /* quizappApp.swift in Sources */,
			);
			runOnlyForDeploymentPostprocessing = 0;
		};
		CEF0080B2C2D164F00DAACFC /* Sources */ = {
			isa = PBXSourcesBuildPhase;
			buildActionMask = 2147483647;
			files = (
				CEF008142C2D164F00DAACFC /* quizappTests.swift in Sources */,
			);
			runOnlyForDeploymentPostprocessing = 0;
		};
		CEF008152C2D164F00DAACFC /* Sources */ = {
			isa = PBXSourcesBuildPhase;
			buildActionMask = 2147483647;
			files = (
				CEF0081E2C2D164F00DAACFC /* quizappUITests.swift in Sources */,
				CEF008202C2D164F00DAACFC /* quizappUITestsLaunchTests.swift in Sources */,
			);
			runOnlyForDeploymentPostprocessing = 0;
		};
/* End PBXSourcesBuildPhase section */

/* Begin PBXTargetDependency section */
		CEF008112C2D164F00DAACFC /* PBXTargetDependency */ = {
			isa = PBXTargetDependency;
			target = CEF007FE2C2D164B00DAACFC /* quizapp */;
			targetProxy = CEF008102C2D164F00DAACFC /* PBXContainerItemProxy */;
		};
		CEF0081B2C2D164F00DAACFC /* PBXTargetDependency */ = {
			isa = PBXTargetDependency;
			target = CEF007FE2C2D164B00DAACFC /* quizapp */;
			targetProxy = CEF0081A2C2D164F00DAACFC /* PBXContainerItemProxy */;
		};
/* End PBXTargetDependency section */

/* Begin XCBuildConfiguration section */
		CEF008212C2D164F00DAACFC /* Debug */ = {
			isa = XCBuildConfiguration;
			buildSettings = {
				ALWAYS_SEARCH_USER_PATHS = NO;
				ASSETCATALOG_COMPILER_GENERATE_SWIFT_ASSET_SYMBOL_EXTENSIONS = YES;
				CLANG_ANALYZER_NONNULL = YES;
				CLANG_ANALYZER_NUMBER_OBJECT_CONVERSION = YES_AGGRESSIVE;
				CLANG_CXX_LANGUAGE_STANDARD = "gnu++20";
				CLANG_ENABLE_MODULES = YES;
				CLANG_ENABLE_OBJC_ARC = YES;
				CLANG_ENABLE_OBJC_WEAK = YES;
				CLANG_WARN_BLOCK_CAPTURE_AUTORELEASING = YES;
				CLANG_WARN_BOOL_CONVERSION = YES;
				CLANG_WARN_COMMA = YES;
				CLANG_WARN_CONSTANT_CONVERSION = YES;
				CLANG_WARN_DEPRECATED_OBJC_IMPLEMENTATIONS = YES;
				CLANG_WARN_DIRECT_OBJC_ISA_USAGE = YES_ERROR;
				CLANG_WARN_DOCUMENTATION_COMMENTS = YES;
				CLANG_WARN_EMPTY_BODY = YES;
				CLANG_WARN_ENUM_CONVERSION = YES;
				CLANG_WARN_INFINITE_RECURSION = YES;
				CLANG_WARN_INT_CONVERSION = YES;
				CLANG_WARN_NON_LITERAL_NULL_CONVERSION = YES;
				CLANG_WARN_OBJC_IMPLICIT_RETAIN_SELF = YES;
				CLANG_WARN_OBJC_LITERAL_CONVERSION = YES;
				CLANG_WARN_OBJC_ROOT_CLASS = YES_ERROR;
				CLANG_WARN_QUOTED_INCLUDE_IN_FRAMEWORK_HEADER = YES;
				CLANG_WARN_RANGE_LOOP_ANALYSIS = YES;
				CLANG_WARN_STRICT_PROTOTYPES = YES;
				CLANG_WARN_SUSPICIOUS_MOVE = YES;
				CLANG_WARN_UNGUARDED_AVAILABILITY = YES_AGGRESSIVE;
				CLANG_WARN_UNREACHABLE_CODE = YES;
				CLANG_WARN__DUPLICATE_METHOD_MATCH = YES;
				COPY_PHASE_STRIP = NO;
				DEBUG_INFORMATION_FORMAT = dwarf;
				ENABLE_STRICT_OBJC_MSGSEND = YES;
				ENABLE_TESTABILITY = YES;
				ENABLE_USER_SCRIPT_SANDBOXING = YES;
				GCC_C_LANGUAGE_STANDARD = gnu17;
				GCC_DYNAMIC_NO_PIC = NO;
				GCC_NO_COMMON_BLOCKS = YES;
				GCC_OPTIMIZATION_LEVEL = 0;
				GCC_PREPROCESSOR_DEFINITIONS = (
					"DEBUG=1",
					"$(inherited)",
				);
				GCC_WARN_64_TO_32_BIT_CONVERSION = YES;
				GCC_WARN_ABOUT_RETURN_TYPE = YES_ERROR;
				GCC_WARN_UNDECLARED_SELECTOR = YES;
				GCC_WARN_UNINITIALIZED_AUTOS = YES_AGGRESSIVE;
				GCC_WARN_UNUSED_FUNCTION = YES;
				GCC_WARN_UNUSED_VARIABLE = YES;
				IPHONEOS_DEPLOYMENT_TARGET = 17.5;
				LOCALIZATION_PREFERS_STRING_CATALOGS = YES;
				MTL_ENABLE_DEBUG_INFO = INCLUDE_SOURCE;
				MTL_FAST_MATH = YES;
				ONLY_ACTIVE_ARCH = YES;
				SDKROOT = iphoneos;
				SWIFT_ACTIVE_COMPILATION_CONDITIONS = "DEBUG $(inherited)";
				SWIFT_OPTIMIZATION_LEVEL = "-Onone";
			};
			name = Debug;
		};
		CEF008222C2D164F00DAACFC /* Release */ = {
			isa = XCBuildConfiguration;
			buildSettings = {
				ALWAYS_SEARCH_USER_PATHS = NO;
				ASSETCATALOG_COMPILER_GENERATE_SWIFT_ASSET_SYMBOL_EXTENSIONS = YES;
				CLANG_ANALYZER_NONNULL = YES;
				CLANG_ANALYZER_NUMBER_OBJECT_CONVERSION = YES_AGGRESSIVE;
				CLANG_CXX_LANGUAGE_STANDARD = "gnu++20";
				CLANG_ENABLE_MODULES = YES;
				CLANG_ENABLE_OBJC_ARC = YES;
				CLANG_ENABLE_OBJC_WEAK = YES;
				CLANG_WARN_BLOCK_CAPTURE_AUTORELEASING = YES;
				CLANG_WARN_BOOL_CONVERSION = YES;
				CLANG_WARN_COMMA = YES;
				CLANG_WARN_CONSTANT_CONVERSION = YES;
				CLANG_WARN_DEPRECATED_OBJC_IMPLEMENTATIONS = YES;
				CLANG_WARN_DIRECT_OBJC_ISA_USAGE = YES_ERROR;
				CLANG_WARN_DOCUMENTATION_COMMENTS = YES;
				CLANG_WARN_EMPTY_BODY = YES;
				CLANG_WARN_ENUM_CONVERSION = YES;
				CLANG_WARN_INFINITE_RECURSION = YES;
				CLANG_WARN_INT_CONVERSION = YES;
				CLANG_WARN_NON_LITERAL_NULL_CONVERSION = YES;
				CLANG_WARN_OBJC_IMPLICIT_RETAIN_SELF = YES;
				CLANG_WARN_OBJC_LITERAL_CONVERSION = YES;
				CLANG_WARN_OBJC_ROOT_CLASS = YES_ERROR;
				CLANG_WARN_QUOTED_INCLUDE_IN_FRAMEWORK_HEADER = YES;
				CLANG_WARN_RANGE_LOOP_ANALYSIS = YES;
				CLANG_WARN_STRICT_PROTOTYPES = YES;
				CLANG_WARN_SUSPICIOUS_MOVE = YES;
				CLANG_WARN_UNGUARDED_AVAILABILITY = YES_AGGRESSIVE;
				CLANG_WARN_UNREACHABLE_CODE = YES;
				CLANG_WARN__DUPLICATE_METHOD_MATCH = YES;
				COPY_PHASE_STRIP = NO;
				DEBUG_INFORMATION_FORMAT = "dwarf-with-dsym";
				ENABLE_NS_ASSERTIONS = NO;
				ENABLE_STRICT_OBJC_MSGSEND = YES;
				ENABLE_USER_SCRIPT_SANDBOXING = YES;
				GCC_C_LANGUAGE_STANDARD = gnu17;
				GCC_NO_COMMON_BLOCKS = YES;
				GCC_WARN_64_TO_32_BIT_CONVERSION = YES;
				GCC_WARN_ABOUT_RETURN_TYPE = YES_ERROR;
				GCC_WARN_UNDECLARED_SELECTOR = YES;
				GCC_WARN_UNINITIALIZED_AUTOS = YES_AGGRESSIVE;
				GCC_WARN_UNUSED_FUNCTION = YES;
				GCC_WARN_UNUSED_VARIABLE = YES;
				IPHONEOS_DEPLOYMENT_TARGET = 17.5;
				LOCALIZATION_PREFERS_STRING_CATALOGS = YES;
				MTL_ENABLE_DEBUG_INFO = NO;
				MTL_FAST_MATH = YES;
				SDKROOT = iphoneos;
				SWIFT_COMPILATION_MODE = wholemodule;
				VALIDATE_PRODUCT = YES;
			};
			name = Release;
		};
		CEF008242C2D164F00DAACFC /* Debug */ = {
			isa = XCBuildConfiguration;
			buildSettings = {
				ASSETCATALOG_COMPILER_APPICON_NAME = AppIcon;
				ASSETCATALOG_COMPILER_GLOBAL_ACCENT_COLOR_NAME = AccentColor;
				CODE_SIGN_STYLE = Automatic;
				CURRENT_PROJECT_VERSION = 1;
				DEVELOPMENT_ASSET_PATHS = "\"quizapp/Preview Content\"";
				ENABLE_PREVIEWS = YES;
				GENERATE_INFOPLIST_FILE = YES;
				INFOPLIST_KEY_UIApplicationSceneManifest_Generation = YES;
				INFOPLIST_KEY_UIApplicationSupportsIndirectInputEvents = YES;
				INFOPLIST_KEY_UILaunchScreen_Generation = YES;
				INFOPLIST_KEY_UISupportedInterfaceOrientations_iPad = "UIInterfaceOrientationPortrait UIInterfaceOrientationPortraitUpsideDown UIInterfaceOrientationLandscapeLeft UIInterfaceOrientationLandscapeRight";
				INFOPLIST_KEY_UISupportedInterfaceOrientations_iPhone = "UIInterfaceOrientationPortrait UIInterfaceOrientationLandscapeLeft UIInterfaceOrientationLandscapeRight";
				LD_RUNPATH_SEARCH_PATHS = (
					"$(inherited)",
					"@executable_path/Frameworks",
				);
				MARKETING_VERSION = 1.0;
				PRODUCT_BUNDLE_IDENTIFIER = kwk.quizapp;
				PRODUCT_NAME = "$(TARGET_NAME)";
				SWIFT_EMIT_LOC_STRINGS = YES;
				SWIFT_VERSION = 5.0;
				TARGETED_DEVICE_FAMILY = "1,2";
			};
			name = Debug;
		};
		CEF008252C2D164F00DAACFC /* Release */ = {
			isa = XCBuildConfiguration;
			buildSettings = {
				ASSETCATALOG_COMPILER_APPICON_NAME = AppIcon;
				ASSETCATALOG_COMPILER_GLOBAL_ACCENT_COLOR_NAME = AccentColor;
				CODE_SIGN_STYLE = Automatic;
				CURRENT_PROJECT_VERSION = 1;
				DEVELOPMENT_ASSET_PATHS = "\"quizapp/Preview Content\"";
				ENABLE_PREVIEWS = YES;
				GENERATE_INFOPLIST_FILE = YES;
				INFOPLIST_KEY_UIApplicationSceneManifest_Generation = YES;
				INFOPLIST_KEY_UIApplicationSupportsIndirectInputEvents = YES;
				INFOPLIST_KEY_UILaunchScreen_Generation = YES;
				INFOPLIST_KEY_UISupportedInterfaceOrientations_iPad = "UIInterfaceOrientationPortrait UIInterfaceOrientationPortraitUpsideDown UIInterfaceOrientationLandscapeLeft UIInterfaceOrientationLandscapeRight";
				INFOPLIST_KEY_UISupportedInterfaceOrientations_iPhone = "UIInterfaceOrientationPortrait UIInterfaceOrientationLandscapeLeft UIInterfaceOrientationLandscapeRight";
				LD_RUNPATH_SEARCH_PATHS = (
					"$(inherited)",
					"@executable_path/Frameworks",
				);
				MARKETING_VERSION = 1.0;
				PRODUCT_BUNDLE_IDENTIFIER = kwk.quizapp;
				PRODUCT_NAME = "$(TARGET_NAME)";
				SWIFT_EMIT_LOC_STRINGS = YES;
				SWIFT_VERSION = 5.0;
				TARGETED_DEVICE_FAMILY = "1,2";
			};
			name = Release;
		};
		CEF008272C2D164F00DAACFC /* Debug */ = {
			isa = XCBuildConfiguration;
			buildSettings = {
				ALWAYS_EMBED_SWIFT_STANDARD_LIBRARIES = YES;
				BUNDLE_LOADER = "$(TEST_HOST)";
				CODE_SIGN_STYLE = Automatic;
				CURRENT_PROJECT_VERSION = 1;
				GENERATE_INFOPLIST_FILE = YES;
				IPHONEOS_DEPLOYMENT_TARGET = 17.5;
				MARKETING_VERSION = 1.0;
				PRODUCT_BUNDLE_IDENTIFIER = kwk.quizappTests;
				PRODUCT_NAME = "$(TARGET_NAME)";
				SWIFT_EMIT_LOC_STRINGS = NO;
				SWIFT_VERSION = 5.0;
				TARGETED_DEVICE_FAMILY = "1,2";
				TEST_HOST = "$(BUILT_PRODUCTS_DIR)/quizapp.app/$(BUNDLE_EXECUTABLE_FOLDER_PATH)/quizapp";
			};
			name = Debug;
		};
		CEF008282C2D164F00DAACFC /* Release */ = {
			isa = XCBuildConfiguration;
			buildSettings = {
				ALWAYS_EMBED_SWIFT_STANDARD_LIBRARIES = YES;
				BUNDLE_LOADER = "$(TEST_HOST)";
				CODE_SIGN_STYLE = Automatic;
				CURRENT_PROJECT_VERSION = 1;
				GENERATE_INFOPLIST_FILE = YES;
				IPHONEOS_DEPLOYMENT_TARGET = 17.5;
				MARKETING_VERSION = 1.0;
				PRODUCT_BUNDLE_IDENTIFIER = kwk.quizappTests;
				PRODUCT_NAME = "$(TARGET_NAME)";
				SWIFT_EMIT_LOC_STRINGS = NO;
				SWIFT_VERSION = 5.0;
				TARGETED_DEVICE_FAMILY = "1,2";
				TEST_HOST = "$(BUILT_PRODUCTS_DIR)/quizapp.app/$(BUNDLE_EXECUTABLE_FOLDER_PATH)/quizapp";
			};
			name = Release;
		};
		CEF0082A2C2D164F00DAACFC /* Debug */ = {
			isa = XCBuildConfiguration;
			buildSettings = {
				ALWAYS_EMBED_SWIFT_STANDARD_LIBRARIES = YES;
				CODE_SIGN_STYLE = Automatic;
				CURRENT_PROJECT_VERSION = 1;
				GENERATE_INFOPLIST_FILE = YES;
				MARKETING_VERSION = 1.0;
				PRODUCT_BUNDLE_IDENTIFIER = kwk.quizappUITests;
				PRODUCT_NAME = "$(TARGET_NAME)";
				SWIFT_EMIT_LOC_STRINGS = NO;
				SWIFT_VERSION = 5.0;
				TARGETED_DEVICE_FAMILY = "1,2";
				TEST_TARGET_NAME = quizapp;
			};
			name = Debug;
		};
		CEF0082B2C2D164F00DAACFC /* Release */ = {
			isa = XCBuildConfiguration;
			buildSettings = {
				ALWAYS_EMBED_SWIFT_STANDARD_LIBRARIES = YES;
				CODE_SIGN_STYLE = Automatic;
				CURRENT_PROJECT_VERSION = 1;
				GENERATE_INFOPLIST_FILE = YES;
				MARKETING_VERSION = 1.0;
				PRODUCT_BUNDLE_IDENTIFIER = kwk.quizappUITests;
				PRODUCT_NAME = "$(TARGET_NAME)";
				SWIFT_EMIT_LOC_STRINGS = NO;
				SWIFT_VERSION = 5.0;
				TARGETED_DEVICE_FAMILY = "1,2";
				TEST_TARGET_NAME = quizapp;
			};
			name = Release;
		};
/* End XCBuildConfiguration section */

/* Begin XCConfigurationList section */
		CEF007FA2C2D164A00DAACFC /* Build configuration list for PBXProject "quizapp" */ = {
			isa = XCConfigurationList;
			buildConfigurations = (
				CEF008212C2D164F00DAACFC /* Debug */,
				CEF008222C2D164F00DAACFC /* Release */,
			);
			defaultConfigurationIsVisible = 0;
			defaultConfigurationName = Release;
		};
		CEF008232C2D164F00DAACFC /* Build configuration list for PBXNativeTarget "quizapp" */ = {
			isa = XCConfigurationList;
			buildConfigurations = (
				CEF008242C2D164F00DAACFC /* Debug */,
				CEF008252C2D164F00DAACFC /* Release */,
			);
			defaultConfigurationIsVisible = 0;
			defaultConfigurationName = Release;
		};
		CEF008262C2D164F00DAACFC /* Build configuration list for PBXNativeTarget "quizappTests" */ = {
			isa = XCConfigurationList;
			buildConfigurations = (
				CEF008272C2D164F00DAACFC /* Debug */,
				CEF008282C2D164F00DAACFC /* Release */,
			);
			defaultConfigurationIsVisible = 0;
			defaultConfigurationName = Release;
		};
		CEF008292C2D164F00DAACFC /* Build configuration list for PBXNativeTarget "quizappUITests" */ = {
			isa = XCConfigurationList;
			buildConfigurations = (
				CEF0082A2C2D164F00DAACFC /* Debug */,
				CEF0082B2C2D164F00DAACFC /* Release */,
			);
			defaultConfigurationIsVisible = 0;
			defaultConfigurationName = Release;
		};
/* End XCConfigurationList section */
	};
	rootObject = CEF007F72C2D164A00DAACFC /* Project object */;
}
